github.com/gammazero/deque v0.2.0 h1:SkieyNB4bg2/uZZLxvya0Pq6diUlwx7m2TeT7GAIWaA=
github.com/gammazero/deque v0.2.0/go.mod h1:LFroj8x4cMYCukHJDbxFCkT+r9AndaJnFMuZDV34tuU=
github.com/google/uuid v1.3.0 h1:t6JiXgmwXMjEs8VusXIJk2BXHsn+wx8BZdTaoZ5fu7I=
github.com/google/uuid v1.3.0/go.mod h1:TIyPZe4MgqvfeYDBFedMoGGpEw/LqOeaOT+nhxU+yHo=
github.com/jinzhu/inflection v1.0.0 h1:K317FqzuhWc8YvSVlFMCCUb36O/S9MCKRDI7QkRKD/E=
github.com/jinzhu/inflection v1.0.0/go.mod h1:h+uFLlag+Qp1Va5pdKtLDYj+kHp5pxUVkryuEj+Srlc=
github.com/jinzhu/now v1.1.4/go.mod h1:d3SSVoowX0Lcu0IBviAWJpolVfI5UJVZZ7cO71lE/z8=
github.com/jinzhu/now v1.1.5 h1:/o9tlHleP7gOFmsnYNz3RGnqzefHA47wQpKrrdTIwXQ=
github.com/jinzhu/now v1.1.5/go.mod h1:d3SSVoowX0Lcu0IBviAWJpolVfI5UJVZZ7cO71lE/z8=
github.com/kkqy/asynchan v0.0.4-0.20220929183500-f145c977f7d1 h1:4C6Z05R+SHX+AP6BXIJdkEssX6H0eAo18MfHOAxZUIk=
github.com/kkqy/asynchan v0.0.4-0.20220929183500-f145c977f7d1/go.mod h1:oTUDlZy8u/ddgn4Qg8GTjpFMVFTnwb7A4D6q/inStQw=
github.com/kkqy/util-go v0.0.0-20220929004909-c2bc93e7293b h1:6MwrJjX5HdNWcuLFndu0yZChrLlJZJr9btsnJtBGdM0=
github.com/kkqy/util-go v0.0.0-20220929004909-c2bc93e7293b/go.mod h1:ED6OIF99xhmbKo9tDYJS2+X4n8sE7NyRInZ4tJ2E9mU=
golang.org/x/text v0.3.7 h1:olpwvP2KacW1ZWvsR7uQhoyTYvKAupfQrRGBFM352Gk=
golang.org/x/text v0.3.7/go.mod h1:u+2+/6zg+i71rQMx5EYifcz6MCKuco9NR6JIITiCfzQ=
gorm.io/gorm v1.23.10 h1:4Ne9ZbzID9GUxRkllxN4WjJKpsHx8YbKvekVdgyWh24=
gorm.io/gorm v1.23.10/go.mod h1:DVrVomtaYTbqs7gB/x2uVvqnXzv0nqjB396B8cG4dBA=
